
Microsoft Visual Studio Solution File, Format Version 12.00
# Visual Studio 15
VisualStudioVersion = 15.0.27428.2043
MinimumVisualStudioVersion = 10.0.40219.1
Project("{FAE04EC0-301F-11D3-BF4B-00C04F79EFBC}") = "A00912599FinalExam", "A00912599FinalExam\A00912599FinalExam.csproj", "{378DC6F1-2C39-4FC4-9A39-B9207CB5D9E2}"
EndProject
Project("{FAE04EC0-301F-11D3-BF4B-00C04F79EFBC}") = "ClassLibrary", "ClassLibrary\ClassLibrary.csproj", "{B9719B04-93D6-42DD-BB36-DAB78E4DFECB}"
EndProject
Global
	GlobalSection(SolutionConfigurationPlatforms) = preSolution
		Debug|Any CPU = Debug|Any CPU
		Release|Any CPU = Release|Any CPU
	EndGlobalSection
	GlobalSection(ProjectConfigurationPlatforms) = postSolution
		{378DC6F1-2C39-4FC4-9A39-B9207CB5D9E2}.Debug|Any CPU.ActiveCfg = Debug|Any CPU
		{378DC6F1-2C39-4FC4-9A39-B9207CB5D9E2}.Debug|Any CPU.Build.0 = Debug|Any CPU
		{378DC6F1-2C39-4FC4-9A39-B9207CB5D9E2}.Release|Any CPU.ActiveCfg = Release|Any CPU
		{378DC6F1-2C39-4FC4-9A39-B9207CB5D9E2}.Release|Any CPU.Build.0 = Release|Any CPU
		{B9719B04-93D6-42DD-BB36-DAB78E4DFECB}.Debug|Any CPU.ActiveCfg = Debug|Any CPU
		{B9719B04-93D6-42DD-BB36-DAB78E4DFECB}.Debug|Any CPU.Build.0 = Debug|Any CPU
		{B9719B04-93D6-42DD-BB36-DAB78E4DFECB}.Release|Any CPU.ActiveCfg = Release|Any CPU
		{B9719B04-93D6-42DD-BB36-DAB78E4DFECB}.Release|Any CPU.Build.0 = Release|Any CPU
	EndGlobalSection
	GlobalSection(SolutionProperties) = preSolution
		HideSolutionNode = FALSE
	EndGlobalSection
	GlobalSection(ExtensibilityGlobals) = postSolution
		SolutionGuid = {06F538A9-3D4A-4207-9B5C-44324510113C}
	EndGlobalSection
EndGlobal
