
Microsoft Visual Studio Solution File, Format Version 12.00
# Visual Studio 15
VisualStudioVersion = 15.0.27428.2043
MinimumVisualStudioVersion = 10.0.40219.1
Project("{FAE04EC0-301F-11D3-BF4B-00C04F79EFBC}") = "A00912599Lab01", "A00912599Lab01\A00912599Lab01.csproj", "{4D6C5276-A00C-4434-90B8-74F8E967D60E}"
EndProject
Global
	GlobalSection(SolutionConfigurationPlatforms) = preSolution
		Debug|Any CPU = Debug|Any CPU
		Release|Any CPU = Release|Any CPU
	EndGlobalSection
	GlobalSection(ProjectConfigurationPlatforms) = postSolution
		{4D6C5276-A00C-4434-90B8-74F8E967D60E}.Debug|Any CPU.ActiveCfg = Debug|Any CPU
		{4D6C5276-A00C-4434-90B8-74F8E967D60E}.Debug|Any CPU.Build.0 = Debug|Any CPU
		{4D6C5276-A00C-4434-90B8-74F8E967D60E}.Release|Any CPU.ActiveCfg = Release|Any CPU
		{4D6C5276-A00C-4434-90B8-74F8E967D60E}.Release|Any CPU.Build.0 = Release|Any CPU
	EndGlobalSection
	GlobalSection(SolutionProperties) = preSolution
		HideSolutionNode = FALSE
	EndGlobalSection
	GlobalSection(ExtensibilityGlobals) = postSolution
		SolutionGuid = {44255F3C-F132-4671-B0CC-6BB9A1C291B9}
	EndGlobalSection
EndGlobal
