
Microsoft Visual Studio Solution File, Format Version 12.00
# Visual Studio 15
VisualStudioVersion = 15.0.27428.2043
MinimumVisualStudioVersion = 10.0.40219.1
Project("{FAE04EC0-301F-11D3-BF4B-00C04F79EFBC}") = "A00912599Assign05", "A00912599Assign05\A00912599Assign05.csproj", "{E6FB8507-9D30-469B-92FA-DB73D608F2EA}"
EndProject
Global
	GlobalSection(SolutionConfigurationPlatforms) = preSolution
		Debug|Any CPU = Debug|Any CPU
		Release|Any CPU = Release|Any CPU
	EndGlobalSection
	GlobalSection(ProjectConfigurationPlatforms) = postSolution
		{E6FB8507-9D30-469B-92FA-DB73D608F2EA}.Debug|Any CPU.ActiveCfg = Debug|Any CPU
		{E6FB8507-9D30-469B-92FA-DB73D608F2EA}.Debug|Any CPU.Build.0 = Debug|Any CPU
		{E6FB8507-9D30-469B-92FA-DB73D608F2EA}.Release|Any CPU.ActiveCfg = Release|Any CPU
		{E6FB8507-9D30-469B-92FA-DB73D608F2EA}.Release|Any CPU.Build.0 = Release|Any CPU
	EndGlobalSection
	GlobalSection(SolutionProperties) = preSolution
		HideSolutionNode = FALSE
	EndGlobalSection
	GlobalSection(ExtensibilityGlobals) = postSolution
		SolutionGuid = {41A170C8-2C62-4E35-BC56-B5AB8D7B8740}
	EndGlobalSection
EndGlobal
